
Microsoft Visual Studio Solution File, Format Version 12.00
# Visual Studio Version 16
VisualStudioVersion = 16.0.30413.136
MinimumVisualStudioVersion = 10.0.40219.1
Project("{FAE04EC0-301F-11D3-BF4B-00C04F79EFBC}") = "ObjectDetect", "ObjectDetect\ObjectDetect.csproj", "{C4915BCF-0AD3-401A-A8EA-0A586064E0CA}"
EndProject
Project("{FAE04EC0-301F-11D3-BF4B-00C04F79EFBC}") = "Feature_Calculations", "Feature_Calculations\Feature_Calculations.csproj", "{5AEACFDC-4C9B-4996-A350-5D0AD562F964}"
EndProject
Global
	GlobalSection(SolutionConfigurationPlatforms) = preSolution
		Debug|Any CPU = Debug|Any CPU
		Release|Any CPU = Release|Any CPU
	EndGlobalSection
	GlobalSection(ProjectConfigurationPlatforms) = postSolution
		{C4915BCF-0AD3-401A-A8EA-0A586064E0CA}.Debug|Any CPU.ActiveCfg = Debug|Any CPU
		{C4915BCF-0AD3-401A-A8EA-0A586064E0CA}.Debug|Any CPU.Build.0 = Debug|Any CPU
		{C4915BCF-0AD3-401A-A8EA-0A586064E0CA}.Release|Any CPU.ActiveCfg = Release|Any CPU
		{C4915BCF-0AD3-401A-A8EA-0A586064E0CA}.Release|Any CPU.Build.0 = Release|Any CPU
		{5AEACFDC-4C9B-4996-A350-5D0AD562F964}.Debug|Any CPU.ActiveCfg = Debug|Any CPU
		{5AEACFDC-4C9B-4996-A350-5D0AD562F964}.Debug|Any CPU.Build.0 = Debug|Any CPU
		{5AEACFDC-4C9B-4996-A350-5D0AD562F964}.Release|Any CPU.ActiveCfg = Release|Any CPU
		{5AEACFDC-4C9B-4996-A350-5D0AD562F964}.Release|Any CPU.Build.0 = Release|Any CPU
	EndGlobalSection
	GlobalSection(SolutionProperties) = preSolution
		HideSolutionNode = FALSE
	EndGlobalSection
	GlobalSection(ExtensibilityGlobals) = postSolution
		SolutionGuid = {ADD4CF94-6303-4FA6-ACB3-E5B90BEB978A}
	EndGlobalSection
EndGlobal
